
Microsoft Visual Studio Solution File, Format Version 11.00
# Visual Studio 2010
Project("{8BC9CEB8-8B4A-11D0-8D11-00A0C91BC942}") = "Destructo_Beam", "Destructo_Beam\Destructo_Beam.vcxproj", "{DF5BD45D-8F4A-497A-BED5-33A730258401}"
EndProject
Global
	GlobalSection(SolutionConfigurationPlatforms) = preSolution
		Debug|Win32 = Debug|Win32
		Release|Win32 = Release|Win32
	EndGlobalSection
	GlobalSection(ProjectConfigurationPlatforms) = postSolution
		{DF5BD45D-8F4A-497A-BED5-33A730258401}.Debug|Win32.ActiveCfg = Debug|Win32
		{DF5BD45D-8F4A-497A-BED5-33A730258401}.Debug|Win32.Build.0 = Debug|Win32
		{DF5BD45D-8F4A-497A-BED5-33A730258401}.Release|Win32.ActiveCfg = Release|Win32
		{DF5BD45D-8F4A-497A-BED5-33A730258401}.Release|Win32.Build.0 = Release|Win32
	EndGlobalSection
	GlobalSection(SolutionProperties) = preSolution
		HideSolutionNode = FALSE
	EndGlobalSection
EndGlobal
